
Microsoft Visual Studio Solution File, Format Version 12.00
# Visual Studio Express 2012 for Windows Desktop
Project("{FAE04EC0-301F-11D3-BF4B-00C04F79EFBC}") = "GUI", "GUI\GUI.csproj", "{7E28C722-D8D7-459C-83E8-A05035807A43}"
EndProject
Global
	GlobalSection(SolutionConfigurationPlatforms) = preSolution
		Debug|Any CPU = Debug|Any CPU
		Release|Any CPU = Release|Any CPU
	EndGlobalSection
	GlobalSection(ProjectConfigurationPlatforms) = postSolution
		{7E28C722-D8D7-459C-83E8-A05035807A43}.Debug|Any CPU.ActiveCfg = Debug|Any CPU
		{7E28C722-D8D7-459C-83E8-A05035807A43}.Debug|Any CPU.Build.0 = Debug|Any CPU
		{7E28C722-D8D7-459C-83E8-A05035807A43}.Release|Any CPU.ActiveCfg = Release|Any CPU
		{7E28C722-D8D7-459C-83E8-A05035807A43}.Release|Any CPU.Build.0 = Release|Any CPU
	EndGlobalSection
	GlobalSection(SolutionProperties) = preSolution
		HideSolutionNode = FALSE
	EndGlobalSection
EndGlobal
